{
  "originHash" : "ee4335abfd1b3b01f33891f702c0a9278b8d2abe1824f508bfc92088fce17b69",
  "pins" : [
    {
      "identity" : "foundation",
      "kind" : "remoteSourceControl",
      "location" : "https://github.com/PromiseKit/Foundation",
      "state" : {
        "revision" : "d967438f58183e02f091f4c17ac7f04f70947e0a",
        "version" : "4.0.0"
      }
    },
    {
      "identity" : "gzipswift",
      "kind" : "remoteSourceControl",
      "location" : "https://github.com/1024jp/GzipSwift",
      "state" : {
        "revision" : "56bf51fdd2fe4b2cf254b2cf34aede3d7caccc6c",
        "version" : "6.1.0"
      }
    },
    {
      "identity" : "promisekit",
      "kind" : "remoteSourceControl",
      "location" : "https://github.com/mxcl/PromiseKit",
      "state" : {
        "revision" : "6fcc08077124e9747f1ec7bd8bb78f5caffe5a79",
        "version" : "8.1.2"
      }
    }
  ],
  "version" : 3
}
